
Microsoft Visual Studio Solution File, Format Version 12.00
# Visual Studio Version 17
VisualStudioVersion = 17.1.32228.430
MinimumVisualStudioVersion = 10.0.40219.1
Project("{9A19103F-16F7-4668-BE54-9A1E7A4F7556}") = "SelfCheckout.DAL", "SelfCheckout.DAL\SelfCheckout.DAL.csproj", "{2A4DF235-286D-4766-9184-E56AFD22575A}"
EndProject
Project("{9A19103F-16F7-4668-BE54-9A1E7A4F7556}") = "SelfCheckout.Abstraction", "SelfCheckout.Abstraction\SelfCheckout.Abstraction.csproj", "{FA905F7E-E0FE-4B0E-82A9-C792C69C4183}"
EndProject
Project("{9A19103F-16F7-4668-BE54-9A1E7A4F7556}") = "SelfCheckout.UnitTests", "SelfCheckout.UnitTests\SelfCheckout.UnitTests.csproj", "{33FAD817-9E29-4CB8-9A41-0631D3839766}"
EndProject
Project("{9A19103F-16F7-4668-BE54-9A1E7A4F7556}") = "SelfCheckout.API", "SelfCheckout.API\SelfCheckout.API.csproj", "{2C810F1A-F0B5-4CC8-9F0B-B0FAC6FD5997}"
EndProject
Global
	GlobalSection(SolutionConfigurationPlatforms) = preSolution
		Debug|Any CPU = Debug|Any CPU
		Release|Any CPU = Release|Any CPU
	EndGlobalSection
	GlobalSection(ProjectConfigurationPlatforms) = postSolution
		{2A4DF235-286D-4766-9184-E56AFD22575A}.Debug|Any CPU.ActiveCfg = Debug|Any CPU
		{2A4DF235-286D-4766-9184-E56AFD22575A}.Debug|Any CPU.Build.0 = Debug|Any CPU
		{2A4DF235-286D-4766-9184-E56AFD22575A}.Release|Any CPU.ActiveCfg = Release|Any CPU
		{2A4DF235-286D-4766-9184-E56AFD22575A}.Release|Any CPU.Build.0 = Release|Any CPU
		{FA905F7E-E0FE-4B0E-82A9-C792C69C4183}.Debug|Any CPU.ActiveCfg = Debug|Any CPU
		{FA905F7E-E0FE-4B0E-82A9-C792C69C4183}.Debug|Any CPU.Build.0 = Debug|Any CPU
		{FA905F7E-E0FE-4B0E-82A9-C792C69C4183}.Release|Any CPU.ActiveCfg = Release|Any CPU
		{FA905F7E-E0FE-4B0E-82A9-C792C69C4183}.Release|Any CPU.Build.0 = Release|Any CPU
		{33FAD817-9E29-4CB8-9A41-0631D3839766}.Debug|Any CPU.ActiveCfg = Debug|Any CPU
		{33FAD817-9E29-4CB8-9A41-0631D3839766}.Debug|Any CPU.Build.0 = Debug|Any CPU
		{33FAD817-9E29-4CB8-9A41-0631D3839766}.Release|Any CPU.ActiveCfg = Release|Any CPU
		{33FAD817-9E29-4CB8-9A41-0631D3839766}.Release|Any CPU.Build.0 = Release|Any CPU
		{2C810F1A-F0B5-4CC8-9F0B-B0FAC6FD5997}.Debug|Any CPU.ActiveCfg = Debug|Any CPU
		{2C810F1A-F0B5-4CC8-9F0B-B0FAC6FD5997}.Debug|Any CPU.Build.0 = Debug|Any CPU
		{2C810F1A-F0B5-4CC8-9F0B-B0FAC6FD5997}.Release|Any CPU.ActiveCfg = Release|Any CPU
		{2C810F1A-F0B5-4CC8-9F0B-B0FAC6FD5997}.Release|Any CPU.Build.0 = Release|Any CPU
	EndGlobalSection
	GlobalSection(SolutionProperties) = preSolution
		HideSolutionNode = FALSE
	EndGlobalSection
	GlobalSection(ExtensibilityGlobals) = postSolution
		SolutionGuid = {C5AC77BD-E2EC-4F78-BDE6-A8EAC6805F8E}
	EndGlobalSection
EndGlobal
